// !$*UTF8*$!
{
	archiveVersion = 1;
	classes = {
	};
	objectVersion = 46;
	objects = {

/* Begin PBXBuildFile section */
		1D8B922031B9874BA04F597B /* Pods_ParseChat.framework in Frameworks */ = {isa = PBXBuildFile; fileRef = 57F89BE92F95DE259F1BC164 /* Pods_ParseChat.framework */; };
		B0EE51021C64118F00F0BD10 /* AppDelegate.swift in Sources */ = {isa = PBXBuildFile; fileRef = B0EE51011C64118F00F0BD10 /* AppDelegate.swift */; };
		B0EE51071C64118F00F0BD10 /* Main.storyboard in Resources */ = {isa = PBXBuildFile; fileRef = B0EE51051C64118F00F0BD10 /* Main.storyboard */; };
		B0EE51091C64118F00F0BD10 /* Assets.xcassets in Resources */ = {isa = PBXBuildFile; fileRef = B0EE51081C64118F00F0BD10 /* Assets.xcassets */; };
		B0EE510C1C64118F00F0BD10 /* LaunchScreen.storyboard in Resources */ = {isa = PBXBuildFile; fileRef = B0EE510A1C64118F00F0BD10 /* LaunchScreen.storyboard */; };
		FA39DDCB1C64144200190DC8 /* LoginViewController.swift in Sources */ = {isa = PBXBuildFile; fileRef = FA39DDCA1C64144200190DC8 /* LoginViewController.swift */; };
/* End PBXBuildFile section */

/* Begin PBXFileReference section */
		57F89BE92F95DE259F1BC164 /* Pods_ParseChat.framework */ = {isa = PBXFileReference; explicitFileType = wrapper.framework; includeInIndex = 0; path = Pods_ParseChat.framework; sourceTree = BUILT_PRODUCTS_DIR; };
		B014326E3C5FB52574E6F73A /* Pods-ParseChat.debug.xcconfig */ = {isa = PBXFileReference; includeInIndex = 1; lastKnownFileType = text.xcconfig; name = "Pods-ParseChat.debug.xcconfig"; path = "Pods/Target Support Files/Pods-ParseChat/Pods-ParseChat.debug.xcconfig"; sourceTree = "<group>"; };
		B0EE50FE1C64118F00F0BD10 /* ParseChat.app */ = {isa = PBXFileReference; explicitFileType = wrapper.application; includeInIndex = 0; path = ParseChat.app; sourceTree = BUILT_PRODUCTS_DIR; };
		B0EE51011C64118F00F0BD10 /* AppDelegate.swift */ = {isa = PBXFileReference; lastKnownFileType = sourcecode.swift; path = AppDelegate.swift; sourceTree = "<group>"; };
		B0EE51061C64118F00F0BD10 /* Base */ = {isa = PBXFileReference; lastKnownFileType = file.storyboard; name = Base; path = Base.lproj/Main.storyboard; sourceTree = "<group>"; };
		B0EE51081C64118F00F0BD10 /* Assets.xcassets */ = {isa = PBXFileReference; lastKnownFileType = folder.assetcatalog; path = Assets.xcassets; sourceTree = "<group>"; };
		B0EE510B1C64118F00F0BD10 /* Base */ = {isa = PBXFileReference; lastKnownFileType = file.storyboard; name = Base; path = Base.lproj/LaunchScreen.storyboard; sourceTree = "<group>"; };
		B0EE510D1C64118F00F0BD10 /* Info.plist */ = {isa = PBXFileReference; lastKnownFileType = text.plist.xml; path = Info.plist; sourceTree = "<group>"; };
		EBA15A610EA76D85B6546CF2 /* Pods-ParseChat.release.xcconfig */ = {isa = PBXFileReference; includeInIndex = 1; lastKnownFileType = text.xcconfig; name = "Pods-ParseChat.release.xcconfig"; path = "Pods/Target Support Files/Pods-ParseChat/Pods-ParseChat.release.xcconfig"; sourceTree = "<group>"; };
		FA39DDCA1C64144200190DC8 /* LoginViewController.swift */ = {isa = PBXFileReference; fileEncoding = 4; lastKnownFileType = sourcecode.swift; path = LoginViewController.swift; sourceTree = "<group>"; };
/* End PBXFileReference section */

/* Begin PBXFrameworksBuildPhase section */
		B0EE50FB1C64118F00F0BD10 /* Frameworks */ = {
			isa = PBXFrameworksBuildPhase;
			buildActionMask = 2147483647;
			files = (
				1D8B922031B9874BA04F597B /* Pods_ParseChat.framework in Frameworks */,
			);
			runOnlyForDeploymentPostprocessing = 0;
		};
/* End PBXFrameworksBuildPhase section */

/* Begin PBXGroup section */
		7C65A05C0869FDF2376F5059 /* Pods */ = {
			isa = PBXGroup;
			children = (
				B014326E3C5FB52574E6F73A /* Pods-ParseChat.debug.xcconfig */,
				EBA15A610EA76D85B6546CF2 /* Pods-ParseChat.release.xcconfig */,
			);
			name = Pods;
			sourceTree = "<group>";
		};
		93AAE3A40C8EC2B61EE12ED7 /* Frameworks */ = {
			isa = PBXGroup;
			children = (
				57F89BE92F95DE259F1BC164 /* Pods_ParseChat.framework */,
			);
			name = Frameworks;
			sourceTree = "<group>";
		};
		B0EE50F51C64118F00F0BD10 = {
			isa = PBXGroup;
			children = (
				B0EE51001C64118F00F0BD10 /* ParseChat */,
				B0EE50FF1C64118F00F0BD10 /* Products */,
				7C65A05C0869FDF2376F5059 /* Pods */,
				93AAE3A40C8EC2B61EE12ED7 /* Frameworks */,
			);
			sourceTree = "<group>";
		};
		B0EE50FF1C64118F00F0BD10 /* Products */ = {
			isa = PBXGroup;
			children = (
				B0EE50FE1C64118F00F0BD10 /* ParseChat.app */,
			);
			name = Products;
			sourceTree = "<group>";
		};
		B0EE51001C64118F00F0BD10 /* ParseChat */ = {
			isa = PBXGroup;
			children = (
				FA39DDC91C64141900190DC8 /* View Controllers */,
				B0EE51011C64118F00F0BD10 /* AppDelegate.swift */,
				B0EE51051C64118F00F0BD10 /* Main.storyboard */,
				B0EE51081C64118F00F0BD10 /* Assets.xcassets */,
				B0EE510A1C64118F00F0BD10 /* LaunchScreen.storyboard */,
				B0EE510D1C64118F00F0BD10 /* Info.plist */,
			);
			path = ParseChat;
			sourceTree = "<group>";
		};
		FA39DDC91C64141900190DC8 /* View Controllers */ = {
			isa = PBXGroup;
			children = (
				FA39DDCA1C64144200190DC8 /* LoginViewController.swift */,
			);
			name = "View Controllers";
			sourceTree = "<group>";
		};
/* End PBXGroup section */

/* Begin PBXNativeTarget section */
		B0EE50FD1C64118F00F0BD10 /* ParseChat */ = {
			isa = PBXNativeTarget;
			buildConfigurationList = B0EE51101C64118F00F0BD10 /* Build configuration list for PBXNativeTarget "ParseChat" */;
			buildPhases = (
				090E41B418D0179E7A409486 /* Check Pods Manifest.lock */,
				B0EE50FA1C64118F00F0BD10 /* Sources */,
				B0EE50FB1C64118F00F0BD10 /* Frameworks */,
				B0EE50FC1C64118F00F0BD10 /* Resources */,
				84B006F2EEF068E6020BD2A4 /* Embed Pods Frameworks */,
				BAAE41BD8F1FBC63538F411D /* Copy Pods Resources */,
			);
			buildRules = (
			);
			dependencies = (
			);
			name = ParseChat;
			productName = ParseChat;
			productReference = B0EE50FE1C64118F00F0BD10 /* ParseChat.app */;
			productType = "com.apple.product-type.application";
		};
/* End PBXNativeTarget section */

/* Begin PBXProject section */
		B0EE50F61C64118F00F0BD10 /* Project object */ = {
			isa = PBXProject;
			attributes = {
				LastSwiftUpdateCheck = 0720;
				LastUpgradeCheck = 0720;
				ORGANIZATIONNAME = "John Henning";
				TargetAttributes = {
					B0EE50FD1C64118F00F0BD10 = {
						CreatedOnToolsVersion = 7.2;
						DevelopmentTeam = 73E8XBAH3Q;
					};
				};
			};
			buildConfigurationList = B0EE50F91C64118F00F0BD10 /* Build configuration list for PBXProject "ParseChat" */;
			compatibilityVersion = "Xcode 3.2";
			developmentRegion = English;
			hasScannedForEncodings = 0;
			knownRegions = (
				en,
				Base,
			);
			mainGroup = B0EE50F51C64118F00F0BD10;
			productRefGroup = B0EE50FF1C64118F00F0BD10 /* Products */;
			projectDirPath = "";
			projectRoot = "";
			targets = (
				B0EE50FD1C64118F00F0BD10 /* ParseChat */,
			);
		};
/* End PBXProject section */

/* Begin PBXResourcesBuildPhase section */
		B0EE50FC1C64118F00F0BD10 /* Resources */ = {
			isa = PBXResourcesBuildPhase;
			buildActionMask = 2147483647;
			files = (
				B0EE510C1C64118F00F0BD10 /* LaunchScreen.storyboard in Resources */,
				B0EE51091C64118F00F0BD10 /* Assets.xcassets in Resources */,
				B0EE51071C64118F00F0BD10 /* Main.storyboard in Resources */,
			);
			runOnlyForDeploymentPostprocessing = 0;
		};
/* End PBXResourcesBuildPhase section */

/* Begin PBXShellScriptBuildPhase section */
		090E41B418D0179E7A409486 /* Check Pods Manifest.lock */ = {
			isa = PBXShellScriptBuildPhase;
			buildActionMask = 2147483647;
			files = (
			);
			inputPaths = (
			);
			name = "Check Pods Manifest.lock";
			outputPaths = (
			);
			runOnlyForDeploymentPostprocessing = 0;
			shellPath = /bin/sh;
			shellScript = "diff \"${PODS_ROOT}/../Podfile.lock\" \"${PODS_ROOT}/Manifest.lock\" > /dev/null\nif [[ $? != 0 ]] ; then\n    cat << EOM\nerror: The sandbox is not in sync with the Podfile.lock. Run 'pod install' or update your CocoaPods installation.\nEOM\n    exit 1\nfi\n";
			showEnvVarsInLog = 0;
		};
		84B006F2EEF068E6020BD2A4 /* Embed Pods Frameworks */ = {
			isa = PBXShellScriptBuildPhase;
			buildActionMask = 2147483647;
			files = (
			);
			inputPaths = (
			);
			name = "Embed Pods Frameworks";
			outputPaths = (
			);
			runOnlyForDeploymentPostprocessing = 0;
			shellPath = /bin/sh;
			shellScript = "\"${SRCROOT}/Pods/Target Support Files/Pods-ParseChat/Pods-ParseChat-frameworks.sh\"\n";
			showEnvVarsInLog = 0;
		};
		BAAE41BD8F1FBC63538F411D /* Copy Pods Resources */ = {
			isa = PBXShellScriptBuildPhase;
			buildActionMask = 2147483647;
			files = (
			);
			inputPaths = (
			);
			name = "Copy Pods Resources";
			outputPaths = (
			);
			runOnlyForDeploymentPostprocessing = 0;
			shellPath = /bin/sh;
			shellScript = "\"${SRCROOT}/Pods/Target Support Files/Pods-ParseChat/Pods-ParseChat-resources.sh\"\n";
			showEnvVarsInLog = 0;
		};
/* End PBXShellScriptBuildPhase section */

/* Begin PBXSourcesBuildPhase section */
		B0EE50FA1C64118F00F0BD10 /* Sources */ = {
			isa = PBXSourcesBuildPhase;
			buildActionMask = 2147483647;
			files = (
				FA39DDCB1C64144200190DC8 /* LoginViewController.swift in Sources */,
				B0EE51021C64118F00F0BD10 /* AppDelegate.swift in Sources */,
			);
			runOnlyForDeploymentPostprocessing = 0;
		};
/* End PBXSourcesBuildPhase section */

/* Begin PBXVariantGroup section */
		B0EE51051C64118F00F0BD10 /* Main.storyboard */ = {
			isa = PBXVariantGroup;
			children = (
				B0EE51061C64118F00F0BD10 /* Base */,
			);
			name = Main.storyboard;
			sourceTree = "<group>";
		};
		B0EE510A1C64118F00F0BD10 /* LaunchScreen.storyboard */ = {
			isa = PBXVariantGroup;
			children = (
				B0EE510B1C64118F00F0BD10 /* Base */,
			);
			name = LaunchScreen.storyboard;
			sourceTree = "<group>";
		};
/* End PBXVariantGroup section */

/* Begin XCBuildConfiguration section */
		B0EE510E1C64118F00F0BD10 /* Debug */ = {
			isa = XCBuildConfiguration;
			buildSettings = {
				ALWAYS_SEARCH_USER_PATHS = NO;
				CLANG_CXX_LANGUAGE_STANDARD = "gnu++0x";
				CLANG_CXX_LIBRARY = "libc++";
				CLANG_ENABLE_MODULES = YES;
				CLANG_ENABLE_OBJC_ARC = YES;
				CLANG_WARN_BOOL_CONVERSION = YES;
				CLANG_WARN_CONSTANT_CONVERSION = YES;
				CLANG_WARN_DIRECT_OBJC_ISA_USAGE = YES_ERROR;
				CLANG_WARN_EMPTY_BODY = YES;
				CLANG_WARN_ENUM_CONVERSION = YES;
				CLANG_WARN_INT_CONVERSION = YES;
				CLANG_WARN_OBJC_ROOT_CLASS = YES_ERROR;
				CLANG_WARN_UNREACHABLE_CODE = YES;
				CLANG_WARN__DUPLICATE_METHOD_MATCH = YES;
				"CODE_SIGN_IDENTITY[sdk=iphoneos*]" = "iPhone Developer";
				COPY_PHASE_STRIP = NO;
				DEBUG_INFORMATION_FORMAT = dwarf;
				ENABLE_STRICT_OBJC_MSGSEND = YES;
				ENABLE_TESTABILITY = YES;
				GCC_C_LANGUAGE_STANDARD = gnu99;
				GCC_DYNAMIC_NO_PIC = NO;
				GCC_NO_COMMON_BLOCKS = YES;
				GCC_OPTIMIZATION_LEVEL = 0;
				GCC_PREPROCESSOR_DEFINITIONS = (
					"DEBUG=1",
					"$(inherited)",
				);
				GCC_WARN_64_TO_32_BIT_CONVERSION = YES;
				GCC_WARN_ABOUT_RETURN_TYPE = YES_ERROR;
				GCC_WARN_UNDECLARED_SELECTOR = YES;
				GCC_WARN_UNINITIALIZED_AUTOS = YES_AGGRESSIVE;
				GCC_WARN_UNUSED_FUNCTION = YES;
				GCC_WARN_UNUSED_VARIABLE = YES;
				IPHONEOS_DEPLOYMENT_TARGET = 9.2;
				MTL_ENABLE_DEBUG_INFO = YES;
				ONLY_ACTIVE_ARCH = YES;
				SDKROOT = iphoneos;
				SWIFT_OPTIMIZATION_LEVEL = "-Onone";
				TARGETED_DEVICE_FAMILY = "1,2";
			};
			name = Debug;
		};
		B0EE510F1C64118F00F0BD10 /* Release */ = {
			isa = XCBuildConfiguration;
			buildSettings = {
				ALWAYS_SEARCH_USER_PATHS = NO;
				CLANG_CXX_LANGUAGE_STANDARD = "gnu++0x";
				CLANG_CXX_LIBRARY = "libc++";
				CLANG_ENABLE_MODULES = YES;
				CLANG_ENABLE_OBJC_ARC = YES;
				CLANG_WARN_BOOL_CONVERSION = YES;
				CLANG_WARN_CONSTANT_CONVERSION = YES;
				CLANG_WARN_DIRECT_OBJC_ISA_USAGE = YES_ERROR;
				CLANG_WARN_EMPTY_BODY = YES;
				CLANG_WARN_ENUM_CONVERSION = YES;
				CLANG_WARN_INT_CONVERSION = YES;
				CLANG_WARN_OBJC_ROOT_CLASS = YES_ERROR;
				CLANG_WARN_UNREACHABLE_CODE = YES;
				CLANG_WARN__DUPLICATE_METHOD_MATCH = YES;
				"CODE_SIGN_IDENTITY[sdk=iphoneos*]" = "iPhone Developer";
				COPY_PHASE_STRIP = NO;
				DEBUG_INFORMATION_FORMAT = "dwarf-with-dsym";
				ENABLE_NS_ASSERTIONS = NO;
				ENABLE_STRICT_OBJC_MSGSEND = YES;
				GCC_C_LANGUAGE_STANDARD = gnu99;
				GCC_NO_COMMON_BLOCKS = YES;
				GCC_WARN_64_TO_32_BIT_CONVERSION = YES;
				GCC_WARN_ABOUT_RETURN_TYPE = YES_ERROR;
				GCC_WARN_UNDECLARED_SELECTOR = YES;
				GCC_WARN_UNINITIALIZED_AUTOS = YES_AGGRESSIVE;
				GCC_WARN_UNUSED_FUNCTION = YES;
				GCC_WARN_UNUSED_VARIABLE = YES;
				IPHONEOS_DEPLOYMENT_TARGET = 9.2;
				MTL_ENABLE_DEBUG_INFO = NO;
				SDKROOT = iphoneos;
				TARGETED_DEVICE_FAMILY = "1,2";
				VALIDATE_PRODUCT = YES;
			};
			name = Release;
		};
		B0EE51111C64118F00F0BD10 /* Debug */ = {
			isa = XCBuildConfiguration;
			baseConfigurationReference = B014326E3C5FB52574E6F73A /* Pods-ParseChat.debug.xcconfig */;
			buildSettings = {
				ASSETCATALOG_COMPILER_APPICON_NAME = AppIcon;
				INFOPLIST_FILE = ParseChat/Info.plist;
				LD_RUNPATH_SEARCH_PATHS = "$(inherited) @executable_path/Frameworks";
				PRODUCT_BUNDLE_IDENTIFIER = com.jlh.ParseChat;
				PRODUCT_NAME = "$(TARGET_NAME)";
			};
			name = Debug;
		};
		B0EE51121C64118F00F0BD10 /* Release */ = {
			isa = XCBuildConfiguration;
			baseConfigurationReference = EBA15A610EA76D85B6546CF2 /* Pods-ParseChat.release.xcconfig */;
			buildSettings = {
				ASSETCATALOG_COMPILER_APPICON_NAME = AppIcon;
				INFOPLIST_FILE = ParseChat/Info.plist;
				LD_RUNPATH_SEARCH_PATHS = "$(inherited) @executable_path/Frameworks";
				PRODUCT_BUNDLE_IDENTIFIER = com.jlh.ParseChat;
				PRODUCT_NAME = "$(TARGET_NAME)";
			};
			name = Release;
		};
/* End XCBuildConfiguration section */

/* Begin XCConfigurationList section */
		B0EE50F91C64118F00F0BD10 /* Build configuration list for PBXProject "ParseChat" */ = {
			isa = XCConfigurationList;
			buildConfigurations = (
				B0EE510E1C64118F00F0BD10 /* Debug */,
				B0EE510F1C64118F00F0BD10 /* Release */,
			);
			defaultConfigurationIsVisible = 0;
			defaultConfigurationName = Release;
		};
		B0EE51101C64118F00F0BD10 /* Build configuration list for PBXNativeTarget "ParseChat" */ = {
			isa = XCConfigurationList;
			buildConfigurations = (
				B0EE51111C64118F00F0BD10 /* Debug */,
				B0EE51121C64118F00F0BD10 /* Release */,
			);
			defaultConfigurationIsVisible = 0;
			defaultConfigurationName = Release;
		};
/* End XCConfigurationList section */
	};
	rootObject = B0EE50F61C64118F00F0BD10 /* Project object */;
}
